
Microsoft Visual Studio Solution File, Format Version 12.00
# Visual Studio Version 16
VisualStudioVersion = 16.0.30320.27
MinimumVisualStudioVersion = 10.0.40219.1
Project("{FAE04EC0-301F-11D3-BF4B-00C04F79EFBC}") = "Fiap.Aula03.Web", "Fiap.Aula03.Web\Fiap.Aula03.Web.csproj", "{71538E06-0F27-44D2-8583-7A64445C3787}"
EndProject
Global
	GlobalSection(SolutionConfigurationPlatforms) = preSolution
		Debug|Any CPU = Debug|Any CPU
		Release|Any CPU = Release|Any CPU
	EndGlobalSection
	GlobalSection(ProjectConfigurationPlatforms) = postSolution
		{71538E06-0F27-44D2-8583-7A64445C3787}.Debug|Any CPU.ActiveCfg = Debug|Any CPU
		{71538E06-0F27-44D2-8583-7A64445C3787}.Debug|Any CPU.Build.0 = Debug|Any CPU
		{71538E06-0F27-44D2-8583-7A64445C3787}.Release|Any CPU.ActiveCfg = Release|Any CPU
		{71538E06-0F27-44D2-8583-7A64445C3787}.Release|Any CPU.Build.0 = Release|Any CPU
	EndGlobalSection
	GlobalSection(SolutionProperties) = preSolution
		HideSolutionNode = FALSE
	EndGlobalSection
	GlobalSection(ExtensibilityGlobals) = postSolution
		SolutionGuid = {FC72BB60-414E-4572-9381-54ACC8D1DCC2}
	EndGlobalSection
EndGlobal
