
Microsoft Visual Studio Solution File, Format Version 12.00
# Visual Studio Version 16
VisualStudioVersion = 16.0.30320.27
MinimumVisualStudioVersion = 10.0.40219.1
Project("{FAE04EC0-301F-11D3-BF4B-00C04F79EFBC}") = "Fiap.Exercicio01.UI", "Fiap.Exercicio01.UI\Fiap.Exercicio01.UI.csproj", "{B138DE15-4541-4293-83DC-4E07A3697075}"
EndProject
Global
	GlobalSection(SolutionConfigurationPlatforms) = preSolution
		Debug|Any CPU = Debug|Any CPU
		Release|Any CPU = Release|Any CPU
	EndGlobalSection
	GlobalSection(ProjectConfigurationPlatforms) = postSolution
		{B138DE15-4541-4293-83DC-4E07A3697075}.Debug|Any CPU.ActiveCfg = Debug|Any CPU
		{B138DE15-4541-4293-83DC-4E07A3697075}.Debug|Any CPU.Build.0 = Debug|Any CPU
		{B138DE15-4541-4293-83DC-4E07A3697075}.Release|Any CPU.ActiveCfg = Release|Any CPU
		{B138DE15-4541-4293-83DC-4E07A3697075}.Release|Any CPU.Build.0 = Release|Any CPU
	EndGlobalSection
	GlobalSection(SolutionProperties) = preSolution
		HideSolutionNode = FALSE
	EndGlobalSection
	GlobalSection(ExtensibilityGlobals) = postSolution
		SolutionGuid = {27034B38-9566-4239-9B0C-4CFCCDA6045E}
	EndGlobalSection
EndGlobal
